{
  "name": "airbnb_clone",
  "lockfileVersion": 3,
  "requires": true,
  "packages": {
    "": {
      "dependencies": {
        "date-fns": "^2.0.1",
        "dayjs": "^1.10.7"
      }
    },
    "node_modules/date-fns": {
      "version": "2.0.1",
      "resolved": "https://registry.npmjs.org/date-fns/-/date-fns-2.0.1.tgz",
      "integrity": "sha512-C14oTzTZy8DH1Eq8N78owrCWvf3+cnJw88BTK/N3DYWVxDJuJzPaNdplzYxDYuuXXGvqBcO4Vy5SOrwAooXSWw=="
    },
    "node_modules/dayjs": {
      "version": "1.10.7",
      "resolved": "https://registry.npmjs.org/dayjs/-/dayjs-1.10.7.tgz",
      "integrity": "sha512-P6twpd70BcPK34K26uJ1KT3wlhpuOAPoMwJzpsIWUxHZ7wpmbdZL/hQqBDfz7hGurYSa5PhzdhDHtt319hL3ig=="
    }
  }
}
